
Microsoft Visual Studio Solution File, Format Version 12.00
# Visual Studio Version 16
VisualStudioVersion = 16.0.29613.14
MinimumVisualStudioVersion = 10.0.40219.1
Project("{FAE04EC0-301F-11D3-BF4B-00C04F79EFBC}") = "CrossHMI.Android", "CrossHMI.Android\CrossHMI.Android.csproj", "{4BF8A766-F123-462C-8702-859687D36C5F}"
EndProject
Project("{9A19103F-16F7-4668-BE54-9A1E7A4F7556}") = "CrossHMI.Shared", "CrossHMI.Shared\CrossHMI.Shared.csproj", "{3D4B875D-1E76-4EFC-9EEA-B25A31136488}"
EndProject
Project("{2150E333-8FDC-42A3-9474-1A3956D46DE8}") = "Android", "Android", "{BD020B7D-D681-4B12-B7EA-DFCD0E8A392B}"
EndProject
Project("{2150E333-8FDC-42A3-9474-1A3956D46DE8}") = "Shared", "Shared", "{A05AEF75-0E96-4509-9518-E2E06F3D8AD7}"
EndProject
Project("{9A19103F-16F7-4668-BE54-9A1E7A4F7556}") = "CrossHMI.Models", "CrossHMI.Models\CrossHMI.Models.csproj", "{262D5493-306E-4B37-A365-6BC7F4C5F2F2}"
EndProject
Project("{9A19103F-16F7-4668-BE54-9A1E7A4F7556}") = "CrossHMI.Interfaces", "CrossHMI.Interfaces\CrossHMI.Interfaces.csproj", "{62291379-E90B-4386-A061-47CB9F94C40B}"
EndProject
Project("{2150E333-8FDC-42A3-9474-1A3956D46DE8}") = "Bindings", "Bindings", "{6A1D18D6-814E-4C5E-AE61-7E9205E24E9C}"
EndProject
Project("{FAE04EC0-301F-11D3-BF4B-00C04F79EFBC}") = "CrossHMI.Android.Binding.WaveLoading", "CrossHMI.Android.Binding.WaveLoading\CrossHMI.Android.Binding.WaveLoading.csproj", "{B60B6040-0BD0-4D9B-8D11-D970859D2143}"
EndProject
Project("{2150E333-8FDC-42A3-9474-1A3956D46DE8}") = "Test", "Test", "{D66E055A-6A41-4361-9721-A387F8D853CD}"
EndProject
Project("{9A19103F-16F7-4668-BE54-9A1E7A4F7556}") = "CrossHMI.Test.Shared", "CrossHMI.Test.Shared\CrossHMI.Test.Shared.csproj", "{416DCC04-9C0B-4116-98D6-1916D4D6A816}"
EndProject
Project("{2150E333-8FDC-42A3-9474-1A3956D46DE8}") = "LibraryIntegration", "LibraryIntegration", "{F46D5A1B-7F18-4FFA-A6D8-2C93036178F4}"
EndProject
Project("{9A19103F-16F7-4668-BE54-9A1E7A4F7556}") = "CrossHMI.LibraryIntegration", "CrossHMI.LibraryIntegration\CrossHMI.LibraryIntegration.csproj", "{DCC95A78-A698-43B6-88B9-1A67B1AE6005}"
EndProject
Project("{2150E333-8FDC-42A3-9474-1A3956D46DE8}") = "Azure", "Azure", "{1631B9BC-5FBA-4C4C-9BB3-1D6B7B13D4F6}"
EndProject
Project("{FAE04EC0-301F-11D3-BF4B-00C04F79EFBC}") = "CrossHMI.AzureGatewayService", "CrossHMI.AzureGatewayService\CrossHMI.AzureGatewayService.csproj", "{0D223BFA-3692-4098-A2C0-2908D5CFA2A5}"
EndProject
Project("{FAE04EC0-301F-11D3-BF4B-00C04F79EFBC}") = "CrossHMI.LibraryIntegration.AzureGateway", "CrossHMI.LibraryIntegration.AzureGateway\CrossHMI.LibraryIntegration.AzureGateway.csproj", "{E4C9154A-0E2D-47F7-8F47-15AE1519C83A}"
EndProject
Global
	GlobalSection(SolutionConfigurationPlatforms) = preSolution
		Ad-Hoc|Any CPU = Ad-Hoc|Any CPU
		Ad-Hoc|ARM = Ad-Hoc|ARM
		Ad-Hoc|iPhone = Ad-Hoc|iPhone
		Ad-Hoc|iPhoneSimulator = Ad-Hoc|iPhoneSimulator
		Ad-Hoc|x64 = Ad-Hoc|x64
		Ad-Hoc|x86 = Ad-Hoc|x86
		AppStore|Any CPU = AppStore|Any CPU
		AppStore|ARM = AppStore|ARM
		AppStore|iPhone = AppStore|iPhone
		AppStore|iPhoneSimulator = AppStore|iPhoneSimulator
		AppStore|x64 = AppStore|x64
		AppStore|x86 = AppStore|x86
		Debug|Any CPU = Debug|Any CPU
		Debug|ARM = Debug|ARM
		Debug|iPhone = Debug|iPhone
		Debug|iPhoneSimulator = Debug|iPhoneSimulator
		Debug|x64 = Debug|x64
		Debug|x86 = Debug|x86
		Release|Any CPU = Release|Any CPU
		Release|ARM = Release|ARM
		Release|iPhone = Release|iPhone
		Release|iPhoneSimulator = Release|iPhoneSimulator
		Release|x64 = Release|x64
		Release|x86 = Release|x86
	EndGlobalSection
	GlobalSection(ProjectConfigurationPlatforms) = postSolution
		{4BF8A766-F123-462C-8702-859687D36C5F}.Ad-Hoc|Any CPU.ActiveCfg = Release|Any CPU
		{4BF8A766-F123-462C-8702-859687D36C5F}.Ad-Hoc|Any CPU.Build.0 = Release|Any CPU
		{4BF8A766-F123-462C-8702-859687D36C5F}.Ad-Hoc|Any CPU.Deploy.0 = Release|Any CPU
		{4BF8A766-F123-462C-8702-859687D36C5F}.Ad-Hoc|ARM.ActiveCfg = Release|Any CPU
		{4BF8A766-F123-462C-8702-859687D36C5F}.Ad-Hoc|ARM.Build.0 = Release|Any CPU
		{4BF8A766-F123-462C-8702-859687D36C5F}.Ad-Hoc|ARM.Deploy.0 = Release|Any CPU
		{4BF8A766-F123-462C-8702-859687D36C5F}.Ad-Hoc|iPhone.ActiveCfg = Release|Any CPU
		{4BF8A766-F123-462C-8702-859687D36C5F}.Ad-Hoc|iPhone.Build.0 = Release|Any CPU
		{4BF8A766-F123-462C-8702-859687D36C5F}.Ad-Hoc|iPhone.Deploy.0 = Release|Any CPU
		{4BF8A766-F123-462C-8702-859687D36C5F}.Ad-Hoc|iPhoneSimulator.ActiveCfg = Release|Any CPU
		{4BF8A766-F123-462C-8702-859687D36C5F}.Ad-Hoc|iPhoneSimulator.Build.0 = Release|Any CPU
		{4BF8A766-F123-462C-8702-859687D36C5F}.Ad-Hoc|iPhoneSimulator.Deploy.0 = Release|Any CPU
		{4BF8A766-F123-462C-8702-859687D36C5F}.Ad-Hoc|x64.ActiveCfg = Release|Any CPU
		{4BF8A766-F123-462C-8702-859687D36C5F}.Ad-Hoc|x64.Build.0 = Release|Any CPU
		{4BF8A766-F123-462C-8702-859687D36C5F}.Ad-Hoc|x64.Deploy.0 = Release|Any CPU
		{4BF8A766-F123-462C-8702-859687D36C5F}.Ad-Hoc|x86.ActiveCfg = Release|Any CPU
		{4BF8A766-F123-462C-8702-859687D36C5F}.Ad-Hoc|x86.Build.0 = Release|Any CPU
		{4BF8A766-F123-462C-8702-859687D36C5F}.Ad-Hoc|x86.Deploy.0 = Release|Any CPU
		{4BF8A766-F123-462C-8702-859687D36C5F}.AppStore|Any CPU.ActiveCfg = Release|Any CPU
		{4BF8A766-F123-462C-8702-859687D36C5F}.AppStore|Any CPU.Build.0 = Release|Any CPU
		{4BF8A766-F123-462C-8702-859687D36C5F}.AppStore|Any CPU.Deploy.0 = Release|Any CPU
		{4BF8A766-F123-462C-8702-859687D36C5F}.AppStore|ARM.ActiveCfg = Release|Any CPU
		{4BF8A766-F123-462C-8702-859687D36C5F}.AppStore|ARM.Build.0 = Release|Any CPU
		{4BF8A766-F123-462C-8702-859687D36C5F}.AppStore|ARM.Deploy.0 = Release|Any CPU
		{4BF8A766-F123-462C-8702-859687D36C5F}.AppStore|iPhone.ActiveCfg = Release|Any CPU
		{4BF8A766-F123-462C-8702-859687D36C5F}.AppStore|iPhone.Build.0 = Release|Any CPU
		{4BF8A766-F123-462C-8702-859687D36C5F}.AppStore|iPhone.Deploy.0 = Release|Any CPU
		{4BF8A766-F123-462C-8702-859687D36C5F}.AppStore|iPhoneSimulator.ActiveCfg = Release|Any CPU
		{4BF8A766-F123-462C-8702-859687D36C5F}.AppStore|iPhoneSimulator.Build.0 = Release|Any CPU
		{4BF8A766-F123-462C-8702-859687D36C5F}.AppStore|iPhoneSimulator.Deploy.0 = Release|Any CPU
		{4BF8A766-F123-462C-8702-859687D36C5F}.AppStore|x64.ActiveCfg = Release|Any CPU
		{4BF8A766-F123-462C-8702-859687D36C5F}.AppStore|x64.Build.0 = Release|Any CPU
		{4BF8A766-F123-462C-8702-859687D36C5F}.AppStore|x64.Deploy.0 = Release|Any CPU
		{4BF8A766-F123-462C-8702-859687D36C5F}.AppStore|x86.ActiveCfg = Release|Any CPU
		{4BF8A766-F123-462C-8702-859687D36C5F}.AppStore|x86.Build.0 = Release|Any CPU
		{4BF8A766-F123-462C-8702-859687D36C5F}.AppStore|x86.Deploy.0 = Release|Any CPU
		{4BF8A766-F123-462C-8702-859687D36C5F}.Debug|Any CPU.ActiveCfg = Debug|Any CPU
		{4BF8A766-F123-462C-8702-859687D36C5F}.Debug|Any CPU.Build.0 = Debug|Any CPU
		{4BF8A766-F123-462C-8702-859687D36C5F}.Debug|Any CPU.Deploy.0 = Debug|Any CPU
		{4BF8A766-F123-462C-8702-859687D36C5F}.Debug|ARM.ActiveCfg = Debug|Any CPU
		{4BF8A766-F123-462C-8702-859687D36C5F}.Debug|ARM.Build.0 = Debug|Any CPU
		{4BF8A766-F123-462C-8702-859687D36C5F}.Debug|ARM.Deploy.0 = Debug|Any CPU
		{4BF8A766-F123-462C-8702-859687D36C5F}.Debug|iPhone.ActiveCfg = Debug|Any CPU
		{4BF8A766-F123-462C-8702-859687D36C5F}.Debug|iPhone.Build.0 = Debug|Any CPU
		{4BF8A766-F123-462C-8702-859687D36C5F}.Debug|iPhone.Deploy.0 = Debug|Any CPU
		{4BF8A766-F123-462C-8702-859687D36C5F}.Debug|iPhoneSimulator.ActiveCfg = Debug|Any CPU
		{4BF8A766-F123-462C-8702-859687D36C5F}.Debug|iPhoneSimulator.Build.0 = Debug|Any CPU
		{4BF8A766-F123-462C-8702-859687D36C5F}.Debug|iPhoneSimulator.Deploy.0 = Debug|Any CPU
		{4BF8A766-F123-462C-8702-859687D36C5F}.Debug|x64.ActiveCfg = Debug|Any CPU
		{4BF8A766-F123-462C-8702-859687D36C5F}.Debug|x64.Build.0 = Debug|Any CPU
		{4BF8A766-F123-462C-8702-859687D36C5F}.Debug|x64.Deploy.0 = Debug|Any CPU
		{4BF8A766-F123-462C-8702-859687D36C5F}.Debug|x86.ActiveCfg = Debug|Any CPU
		{4BF8A766-F123-462C-8702-859687D36C5F}.Debug|x86.Build.0 = Debug|Any CPU
		{4BF8A766-F123-462C-8702-859687D36C5F}.Debug|x86.Deploy.0 = Debug|Any CPU
		{4BF8A766-F123-462C-8702-859687D36C5F}.Release|Any CPU.ActiveCfg = Release|Any CPU
		{4BF8A766-F123-462C-8702-859687D36C5F}.Release|Any CPU.Build.0 = Release|Any CPU
		{4BF8A766-F123-462C-8702-859687D36C5F}.Release|Any CPU.Deploy.0 = Release|Any CPU
		{4BF8A766-F123-462C-8702-859687D36C5F}.Release|ARM.ActiveCfg = Release|Any CPU
		{4BF8A766-F123-462C-8702-859687D36C5F}.Release|ARM.Build.0 = Release|Any CPU
		{4BF8A766-F123-462C-8702-859687D36C5F}.Release|ARM.Deploy.0 = Release|Any CPU
		{4BF8A766-F123-462C-8702-859687D36C5F}.Release|iPhone.ActiveCfg = Release|Any CPU
		{4BF8A766-F123-462C-8702-859687D36C5F}.Release|iPhone.Build.0 = Release|Any CPU
		{4BF8A766-F123-462C-8702-859687D36C5F}.Release|iPhone.Deploy.0 = Release|Any CPU
		{4BF8A766-F123-462C-8702-859687D36C5F}.Release|iPhoneSimulator.ActiveCfg = Release|Any CPU
		{4BF8A766-F123-462C-8702-859687D36C5F}.Release|iPhoneSimulator.Build.0 = Release|Any CPU
		{4BF8A766-F123-462C-8702-859687D36C5F}.Release|iPhoneSimulator.Deploy.0 = Release|Any CPU
		{4BF8A766-F123-462C-8702-859687D36C5F}.Release|x64.ActiveCfg = Release|Any CPU
		{4BF8A766-F123-462C-8702-859687D36C5F}.Release|x64.Build.0 = Release|Any CPU
		{4BF8A766-F123-462C-8702-859687D36C5F}.Release|x64.Deploy.0 = Release|Any CPU
		{4BF8A766-F123-462C-8702-859687D36C5F}.Release|x86.ActiveCfg = Release|Any CPU
		{4BF8A766-F123-462C-8702-859687D36C5F}.Release|x86.Build.0 = Release|Any CPU
		{4BF8A766-F123-462C-8702-859687D36C5F}.Release|x86.Deploy.0 = Release|Any CPU
		{3D4B875D-1E76-4EFC-9EEA-B25A31136488}.Ad-Hoc|Any CPU.ActiveCfg = Debug|Any CPU
		{3D4B875D-1E76-4EFC-9EEA-B25A31136488}.Ad-Hoc|Any CPU.Build.0 = Debug|Any CPU
		{3D4B875D-1E76-4EFC-9EEA-B25A31136488}.Ad-Hoc|ARM.ActiveCfg = Debug|Any CPU
		{3D4B875D-1E76-4EFC-9EEA-B25A31136488}.Ad-Hoc|ARM.Build.0 = Debug|Any CPU
		{3D4B875D-1E76-4EFC-9EEA-B25A31136488}.Ad-Hoc|iPhone.ActiveCfg = Debug|Any CPU
		{3D4B875D-1E76-4EFC-9EEA-B25A31136488}.Ad-Hoc|iPhone.Build.0 = Debug|Any CPU
		{3D4B875D-1E76-4EFC-9EEA-B25A31136488}.Ad-Hoc|iPhoneSimulator.ActiveCfg = Debug|Any CPU
		{3D4B875D-1E76-4EFC-9EEA-B25A31136488}.Ad-Hoc|iPhoneSimulator.Build.0 = Debug|Any CPU
		{3D4B875D-1E76-4EFC-9EEA-B25A31136488}.Ad-Hoc|x64.ActiveCfg = Debug|Any CPU
		{3D4B875D-1E76-4EFC-9EEA-B25A31136488}.Ad-Hoc|x64.Build.0 = Debug|Any CPU
		{3D4B875D-1E76-4EFC-9EEA-B25A31136488}.Ad-Hoc|x86.ActiveCfg = Debug|Any CPU
		{3D4B875D-1E76-4EFC-9EEA-B25A31136488}.Ad-Hoc|x86.Build.0 = Debug|Any CPU
		{3D4B875D-1E76-4EFC-9EEA-B25A31136488}.AppStore|Any CPU.ActiveCfg = Debug|Any CPU
		{3D4B875D-1E76-4EFC-9EEA-B25A31136488}.AppStore|Any CPU.Build.0 = Debug|Any CPU
		{3D4B875D-1E76-4EFC-9EEA-B25A31136488}.AppStore|ARM.ActiveCfg = Debug|Any CPU
		{3D4B875D-1E76-4EFC-9EEA-B25A31136488}.AppStore|ARM.Build.0 = Debug|Any CPU
		{3D4B875D-1E76-4EFC-9EEA-B25A31136488}.AppStore|iPhone.ActiveCfg = Debug|Any CPU
		{3D4B875D-1E76-4EFC-9EEA-B25A31136488}.AppStore|iPhone.Build.0 = Debug|Any CPU
		{3D4B875D-1E76-4EFC-9EEA-B25A31136488}.AppStore|iPhoneSimulator.ActiveCfg = Debug|Any CPU
		{3D4B875D-1E76-4EFC-9EEA-B25A31136488}.AppStore|iPhoneSimulator.Build.0 = Debug|Any CPU
		{3D4B875D-1E76-4EFC-9EEA-B25A31136488}.AppStore|x64.ActiveCfg = Debug|Any CPU
		{3D4B875D-1E76-4EFC-9EEA-B25A31136488}.AppStore|x64.Build.0 = Debug|Any CPU
		{3D4B875D-1E76-4EFC-9EEA-B25A31136488}.AppStore|x86.ActiveCfg = Debug|Any CPU
		{3D4B875D-1E76-4EFC-9EEA-B25A31136488}.AppStore|x86.Build.0 = Debug|Any CPU
		{3D4B875D-1E76-4EFC-9EEA-B25A31136488}.Debug|Any CPU.ActiveCfg = Debug|Any CPU
		{3D4B875D-1E76-4EFC-9EEA-B25A31136488}.Debug|Any CPU.Build.0 = Debug|Any CPU
		{3D4B875D-1E76-4EFC-9EEA-B25A31136488}.Debug|ARM.ActiveCfg = Debug|Any CPU
		{3D4B875D-1E76-4EFC-9EEA-B25A31136488}.Debug|ARM.Build.0 = Debug|Any CPU
		{3D4B875D-1E76-4EFC-9EEA-B25A31136488}.Debug|iPhone.ActiveCfg = Debug|Any CPU
		{3D4B875D-1E76-4EFC-9EEA-B25A31136488}.Debug|iPhone.Build.0 = Debug|Any CPU
		{3D4B875D-1E76-4EFC-9EEA-B25A31136488}.Debug|iPhoneSimulator.ActiveCfg = Debug|Any CPU
		{3D4B875D-1E76-4EFC-9EEA-B25A31136488}.Debug|iPhoneSimulator.Build.0 = Debug|Any CPU
		{3D4B875D-1E76-4EFC-9EEA-B25A31136488}.Debug|x64.ActiveCfg = Debug|Any CPU
		{3D4B875D-1E76-4EFC-9EEA-B25A31136488}.Debug|x64.Build.0 = Debug|Any CPU
		{3D4B875D-1E76-4EFC-9EEA-B25A31136488}.Debug|x86.ActiveCfg = Debug|Any CPU
		{3D4B875D-1E76-4EFC-9EEA-B25A31136488}.Debug|x86.Build.0 = Debug|Any CPU
		{3D4B875D-1E76-4EFC-9EEA-B25A31136488}.Release|Any CPU.ActiveCfg = Release|Any CPU
		{3D4B875D-1E76-4EFC-9EEA-B25A31136488}.Release|Any CPU.Build.0 = Release|Any CPU
		{3D4B875D-1E76-4EFC-9EEA-B25A31136488}.Release|ARM.ActiveCfg = Release|Any CPU
		{3D4B875D-1E76-4EFC-9EEA-B25A31136488}.Release|ARM.Build.0 = Release|Any CPU
		{3D4B875D-1E76-4EFC-9EEA-B25A31136488}.Release|iPhone.ActiveCfg = Release|Any CPU
		{3D4B875D-1E76-4EFC-9EEA-B25A31136488}.Release|iPhone.Build.0 = Release|Any CPU
		{3D4B875D-1E76-4EFC-9EEA-B25A31136488}.Release|iPhoneSimulator.ActiveCfg = Release|Any CPU
		{3D4B875D-1E76-4EFC-9EEA-B25A31136488}.Release|iPhoneSimulator.Build.0 = Release|Any CPU
		{3D4B875D-1E76-4EFC-9EEA-B25A31136488}.Release|x64.ActiveCfg = Release|Any CPU
		{3D4B875D-1E76-4EFC-9EEA-B25A31136488}.Release|x64.Build.0 = Release|Any CPU
		{3D4B875D-1E76-4EFC-9EEA-B25A31136488}.Release|x86.ActiveCfg = Release|Any CPU
		{3D4B875D-1E76-4EFC-9EEA-B25A31136488}.Release|x86.Build.0 = Release|Any CPU
		{262D5493-306E-4B37-A365-6BC7F4C5F2F2}.Ad-Hoc|Any CPU.ActiveCfg = Debug|Any CPU
		{262D5493-306E-4B37-A365-6BC7F4C5F2F2}.Ad-Hoc|Any CPU.Build.0 = Debug|Any CPU
		{262D5493-306E-4B37-A365-6BC7F4C5F2F2}.Ad-Hoc|ARM.ActiveCfg = Debug|Any CPU
		{262D5493-306E-4B37-A365-6BC7F4C5F2F2}.Ad-Hoc|ARM.Build.0 = Debug|Any CPU
		{262D5493-306E-4B37-A365-6BC7F4C5F2F2}.Ad-Hoc|iPhone.ActiveCfg = Debug|Any CPU
		{262D5493-306E-4B37-A365-6BC7F4C5F2F2}.Ad-Hoc|iPhone.Build.0 = Debug|Any CPU
		{262D5493-306E-4B37-A365-6BC7F4C5F2F2}.Ad-Hoc|iPhoneSimulator.ActiveCfg = Debug|Any CPU
		{262D5493-306E-4B37-A365-6BC7F4C5F2F2}.Ad-Hoc|iPhoneSimulator.Build.0 = Debug|Any CPU
		{262D5493-306E-4B37-A365-6BC7F4C5F2F2}.Ad-Hoc|x64.ActiveCfg = Debug|Any CPU
		{262D5493-306E-4B37-A365-6BC7F4C5F2F2}.Ad-Hoc|x64.Build.0 = Debug|Any CPU
		{262D5493-306E-4B37-A365-6BC7F4C5F2F2}.Ad-Hoc|x86.ActiveCfg = Debug|Any CPU
		{262D5493-306E-4B37-A365-6BC7F4C5F2F2}.Ad-Hoc|x86.Build.0 = Debug|Any CPU
		{262D5493-306E-4B37-A365-6BC7F4C5F2F2}.AppStore|Any CPU.ActiveCfg = Debug|Any CPU
		{262D5493-306E-4B37-A365-6BC7F4C5F2F2}.AppStore|Any CPU.Build.0 = Debug|Any CPU
		{262D5493-306E-4B37-A365-6BC7F4C5F2F2}.AppStore|ARM.ActiveCfg = Debug|Any CPU
		{262D5493-306E-4B37-A365-6BC7F4C5F2F2}.AppStore|ARM.Build.0 = Debug|Any CPU
		{262D5493-306E-4B37-A365-6BC7F4C5F2F2}.AppStore|iPhone.ActiveCfg = Debug|Any CPU
		{262D5493-306E-4B37-A365-6BC7F4C5F2F2}.AppStore|iPhone.Build.0 = Debug|Any CPU
		{262D5493-306E-4B37-A365-6BC7F4C5F2F2}.AppStore|iPhoneSimulator.ActiveCfg = Debug|Any CPU
		{262D5493-306E-4B37-A365-6BC7F4C5F2F2}.AppStore|iPhoneSimulator.Build.0 = Debug|Any CPU
		{262D5493-306E-4B37-A365-6BC7F4C5F2F2}.AppStore|x64.ActiveCfg = Debug|Any CPU
		{262D5493-306E-4B37-A365-6BC7F4C5F2F2}.AppStore|x64.Build.0 = Debug|Any CPU
		{262D5493-306E-4B37-A365-6BC7F4C5F2F2}.AppStore|x86.ActiveCfg = Debug|Any CPU
		{262D5493-306E-4B37-A365-6BC7F4C5F2F2}.AppStore|x86.Build.0 = Debug|Any CPU
		{262D5493-306E-4B37-A365-6BC7F4C5F2F2}.Debug|Any CPU.ActiveCfg = Debug|Any CPU
		{262D5493-306E-4B37-A365-6BC7F4C5F2F2}.Debug|Any CPU.Build.0 = Debug|Any CPU
		{262D5493-306E-4B37-A365-6BC7F4C5F2F2}.Debug|ARM.ActiveCfg = Debug|Any CPU
		{262D5493-306E-4B37-A365-6BC7F4C5F2F2}.Debug|ARM.Build.0 = Debug|Any CPU
		{262D5493-306E-4B37-A365-6BC7F4C5F2F2}.Debug|iPhone.ActiveCfg = Debug|Any CPU
		{262D5493-306E-4B37-A365-6BC7F4C5F2F2}.Debug|iPhone.Build.0 = Debug|Any CPU
		{262D5493-306E-4B37-A365-6BC7F4C5F2F2}.Debug|iPhoneSimulator.ActiveCfg = Debug|Any CPU
		{262D5493-306E-4B37-A365-6BC7F4C5F2F2}.Debug|iPhoneSimulator.Build.0 = Debug|Any CPU
		{262D5493-306E-4B37-A365-6BC7F4C5F2F2}.Debug|x64.ActiveCfg = Debug|Any CPU
		{262D5493-306E-4B37-A365-6BC7F4C5F2F2}.Debug|x64.Build.0 = Debug|Any CPU
		{262D5493-306E-4B37-A365-6BC7F4C5F2F2}.Debug|x86.ActiveCfg = Debug|Any CPU
		{262D5493-306E-4B37-A365-6BC7F4C5F2F2}.Debug|x86.Build.0 = Debug|Any CPU
		{262D5493-306E-4B37-A365-6BC7F4C5F2F2}.Release|Any CPU.ActiveCfg = Release|Any CPU
		{262D5493-306E-4B37-A365-6BC7F4C5F2F2}.Release|Any CPU.Build.0 = Release|Any CPU
		{262D5493-306E-4B37-A365-6BC7F4C5F2F2}.Release|ARM.ActiveCfg = Release|Any CPU
		{262D5493-306E-4B37-A365-6BC7F4C5F2F2}.Release|ARM.Build.0 = Release|Any CPU
		{262D5493-306E-4B37-A365-6BC7F4C5F2F2}.Release|iPhone.ActiveCfg = Release|Any CPU
		{262D5493-306E-4B37-A365-6BC7F4C5F2F2}.Release|iPhone.Build.0 = Release|Any CPU
		{262D5493-306E-4B37-A365-6BC7F4C5F2F2}.Release|iPhoneSimulator.ActiveCfg = Release|Any CPU
		{262D5493-306E-4B37-A365-6BC7F4C5F2F2}.Release|iPhoneSimulator.Build.0 = Release|Any CPU
		{262D5493-306E-4B37-A365-6BC7F4C5F2F2}.Release|x64.ActiveCfg = Release|Any CPU
		{262D5493-306E-4B37-A365-6BC7F4C5F2F2}.Release|x64.Build.0 = Release|Any CPU
		{262D5493-306E-4B37-A365-6BC7F4C5F2F2}.Release|x86.ActiveCfg = Release|Any CPU
		{262D5493-306E-4B37-A365-6BC7F4C5F2F2}.Release|x86.Build.0 = Release|Any CPU
		{62291379-E90B-4386-A061-47CB9F94C40B}.Ad-Hoc|Any CPU.ActiveCfg = Debug|Any CPU
		{62291379-E90B-4386-A061-47CB9F94C40B}.Ad-Hoc|Any CPU.Build.0 = Debug|Any CPU
		{62291379-E90B-4386-A061-47CB9F94C40B}.Ad-Hoc|ARM.ActiveCfg = Debug|Any CPU
		{62291379-E90B-4386-A061-47CB9F94C40B}.Ad-Hoc|ARM.Build.0 = Debug|Any CPU
		{62291379-E90B-4386-A061-47CB9F94C40B}.Ad-Hoc|iPhone.ActiveCfg = Debug|Any CPU
		{62291379-E90B-4386-A061-47CB9F94C40B}.Ad-Hoc|iPhone.Build.0 = Debug|Any CPU
		{62291379-E90B-4386-A061-47CB9F94C40B}.Ad-Hoc|iPhoneSimulator.ActiveCfg = Debug|Any CPU
		{62291379-E90B-4386-A061-47CB9F94C40B}.Ad-Hoc|iPhoneSimulator.Build.0 = Debug|Any CPU
		{62291379-E90B-4386-A061-47CB9F94C40B}.Ad-Hoc|x64.ActiveCfg = Debug|Any CPU
		{62291379-E90B-4386-A061-47CB9F94C40B}.Ad-Hoc|x64.Build.0 = Debug|Any CPU
		{62291379-E90B-4386-A061-47CB9F94C40B}.Ad-Hoc|x86.ActiveCfg = Debug|Any CPU
		{62291379-E90B-4386-A061-47CB9F94C40B}.Ad-Hoc|x86.Build.0 = Debug|Any CPU
		{62291379-E90B-4386-A061-47CB9F94C40B}.AppStore|Any CPU.ActiveCfg = Debug|Any CPU
		{62291379-E90B-4386-A061-47CB9F94C40B}.AppStore|Any CPU.Build.0 = Debug|Any CPU
		{62291379-E90B-4386-A061-47CB9F94C40B}.AppStore|ARM.ActiveCfg = Debug|Any CPU
		{62291379-E90B-4386-A061-47CB9F94C40B}.AppStore|ARM.Build.0 = Debug|Any CPU
		{62291379-E90B-4386-A061-47CB9F94C40B}.AppStore|iPhone.ActiveCfg = Debug|Any CPU
		{62291379-E90B-4386-A061-47CB9F94C40B}.AppStore|iPhone.Build.0 = Debug|Any CPU
		{62291379-E90B-4386-A061-47CB9F94C40B}.AppStore|iPhoneSimulator.ActiveCfg = Debug|Any CPU
		{62291379-E90B-4386-A061-47CB9F94C40B}.AppStore|iPhoneSimulator.Build.0 = Debug|Any CPU
		{62291379-E90B-4386-A061-47CB9F94C40B}.AppStore|x64.ActiveCfg = Debug|Any CPU
		{62291379-E90B-4386-A061-47CB9F94C40B}.AppStore|x64.Build.0 = Debug|Any CPU
		{62291379-E90B-4386-A061-47CB9F94C40B}.AppStore|x86.ActiveCfg = Debug|Any CPU
		{62291379-E90B-4386-A061-47CB9F94C40B}.AppStore|x86.Build.0 = Debug|Any CPU
		{62291379-E90B-4386-A061-47CB9F94C40B}.Debug|Any CPU.ActiveCfg = Debug|Any CPU
		{62291379-E90B-4386-A061-47CB9F94C40B}.Debug|Any CPU.Build.0 = Debug|Any CPU
		{62291379-E90B-4386-A061-47CB9F94C40B}.Debug|ARM.ActiveCfg = Debug|Any CPU
		{62291379-E90B-4386-A061-47CB9F94C40B}.Debug|ARM.Build.0 = Debug|Any CPU
		{62291379-E90B-4386-A061-47CB9F94C40B}.Debug|iPhone.ActiveCfg = Debug|Any CPU
		{62291379-E90B-4386-A061-47CB9F94C40B}.Debug|iPhone.Build.0 = Debug|Any CPU
		{62291379-E90B-4386-A061-47CB9F94C40B}.Debug|iPhoneSimulator.ActiveCfg = Debug|Any CPU
		{62291379-E90B-4386-A061-47CB9F94C40B}.Debug|iPhoneSimulator.Build.0 = Debug|Any CPU
		{62291379-E90B-4386-A061-47CB9F94C40B}.Debug|x64.ActiveCfg = Debug|Any CPU
		{62291379-E90B-4386-A061-47CB9F94C40B}.Debug|x64.Build.0 = Debug|Any CPU
		{62291379-E90B-4386-A061-47CB9F94C40B}.Debug|x86.ActiveCfg = Debug|Any CPU
		{62291379-E90B-4386-A061-47CB9F94C40B}.Debug|x86.Build.0 = Debug|Any CPU
		{62291379-E90B-4386-A061-47CB9F94C40B}.Release|Any CPU.ActiveCfg = Release|Any CPU
		{62291379-E90B-4386-A061-47CB9F94C40B}.Release|Any CPU.Build.0 = Release|Any CPU
		{62291379-E90B-4386-A061-47CB9F94C40B}.Release|ARM.ActiveCfg = Release|Any CPU
		{62291379-E90B-4386-A061-47CB9F94C40B}.Release|ARM.Build.0 = Release|Any CPU
		{62291379-E90B-4386-A061-47CB9F94C40B}.Release|iPhone.ActiveCfg = Release|Any CPU
		{62291379-E90B-4386-A061-47CB9F94C40B}.Release|iPhone.Build.0 = Release|Any CPU
		{62291379-E90B-4386-A061-47CB9F94C40B}.Release|iPhoneSimulator.ActiveCfg = Release|Any CPU
		{62291379-E90B-4386-A061-47CB9F94C40B}.Release|iPhoneSimulator.Build.0 = Release|Any CPU
		{62291379-E90B-4386-A061-47CB9F94C40B}.Release|x64.ActiveCfg = Release|Any CPU
		{62291379-E90B-4386-A061-47CB9F94C40B}.Release|x64.Build.0 = Release|Any CPU
		{62291379-E90B-4386-A061-47CB9F94C40B}.Release|x86.ActiveCfg = Release|Any CPU
		{62291379-E90B-4386-A061-47CB9F94C40B}.Release|x86.Build.0 = Release|Any CPU
		{B60B6040-0BD0-4D9B-8D11-D970859D2143}.Ad-Hoc|Any CPU.ActiveCfg = Release|Any CPU
		{B60B6040-0BD0-4D9B-8D11-D970859D2143}.Ad-Hoc|Any CPU.Build.0 = Release|Any CPU
		{B60B6040-0BD0-4D9B-8D11-D970859D2143}.Ad-Hoc|ARM.ActiveCfg = Release|Any CPU
		{B60B6040-0BD0-4D9B-8D11-D970859D2143}.Ad-Hoc|ARM.Build.0 = Release|Any CPU
		{B60B6040-0BD0-4D9B-8D11-D970859D2143}.Ad-Hoc|iPhone.ActiveCfg = Release|Any CPU
		{B60B6040-0BD0-4D9B-8D11-D970859D2143}.Ad-Hoc|iPhone.Build.0 = Release|Any CPU
		{B60B6040-0BD0-4D9B-8D11-D970859D2143}.Ad-Hoc|iPhoneSimulator.ActiveCfg = Release|Any CPU
		{B60B6040-0BD0-4D9B-8D11-D970859D2143}.Ad-Hoc|iPhoneSimulator.Build.0 = Release|Any CPU
		{B60B6040-0BD0-4D9B-8D11-D970859D2143}.Ad-Hoc|x64.ActiveCfg = Release|Any CPU
		{B60B6040-0BD0-4D9B-8D11-D970859D2143}.Ad-Hoc|x64.Build.0 = Release|Any CPU
		{B60B6040-0BD0-4D9B-8D11-D970859D2143}.Ad-Hoc|x86.ActiveCfg = Release|Any CPU
		{B60B6040-0BD0-4D9B-8D11-D970859D2143}.Ad-Hoc|x86.Build.0 = Release|Any CPU
		{B60B6040-0BD0-4D9B-8D11-D970859D2143}.AppStore|Any CPU.ActiveCfg = Release|Any CPU
		{B60B6040-0BD0-4D9B-8D11-D970859D2143}.AppStore|Any CPU.Build.0 = Release|Any CPU
		{B60B6040-0BD0-4D9B-8D11-D970859D2143}.AppStore|ARM.ActiveCfg = Release|Any CPU
		{B60B6040-0BD0-4D9B-8D11-D970859D2143}.AppStore|ARM.Build.0 = Release|Any CPU
		{B60B6040-0BD0-4D9B-8D11-D970859D2143}.AppStore|iPhone.ActiveCfg = Release|Any CPU
		{B60B6040-0BD0-4D9B-8D11-D970859D2143}.AppStore|iPhone.Build.0 = Release|Any CPU
		{B60B6040-0BD0-4D9B-8D11-D970859D2143}.AppStore|iPhoneSimulator.ActiveCfg = Release|Any CPU
		{B60B6040-0BD0-4D9B-8D11-D970859D2143}.AppStore|iPhoneSimulator.Build.0 = Release|Any CPU
		{B60B6040-0BD0-4D9B-8D11-D970859D2143}.AppStore|x64.ActiveCfg = Release|Any CPU
		{B60B6040-0BD0-4D9B-8D11-D970859D2143}.AppStore|x64.Build.0 = Release|Any CPU
		{B60B6040-0BD0-4D9B-8D11-D970859D2143}.AppStore|x86.ActiveCfg = Release|Any CPU
		{B60B6040-0BD0-4D9B-8D11-D970859D2143}.AppStore|x86.Build.0 = Release|Any CPU
		{B60B6040-0BD0-4D9B-8D11-D970859D2143}.Debug|Any CPU.ActiveCfg = Debug|Any CPU
		{B60B6040-0BD0-4D9B-8D11-D970859D2143}.Debug|Any CPU.Build.0 = Debug|Any CPU
		{B60B6040-0BD0-4D9B-8D11-D970859D2143}.Debug|ARM.ActiveCfg = Debug|Any CPU
		{B60B6040-0BD0-4D9B-8D11-D970859D2143}.Debug|ARM.Build.0 = Debug|Any CPU
		{B60B6040-0BD0-4D9B-8D11-D970859D2143}.Debug|iPhone.ActiveCfg = Debug|Any CPU
		{B60B6040-0BD0-4D9B-8D11-D970859D2143}.Debug|iPhone.Build.0 = Debug|Any CPU
		{B60B6040-0BD0-4D9B-8D11-D970859D2143}.Debug|iPhoneSimulator.ActiveCfg = Debug|Any CPU
		{B60B6040-0BD0-4D9B-8D11-D970859D2143}.Debug|iPhoneSimulator.Build.0 = Debug|Any CPU
		{B60B6040-0BD0-4D9B-8D11-D970859D2143}.Debug|x64.ActiveCfg = Debug|Any CPU
		{B60B6040-0BD0-4D9B-8D11-D970859D2143}.Debug|x64.Build.0 = Debug|Any CPU
		{B60B6040-0BD0-4D9B-8D11-D970859D2143}.Debug|x86.ActiveCfg = Debug|Any CPU
		{B60B6040-0BD0-4D9B-8D11-D970859D2143}.Debug|x86.Build.0 = Debug|Any CPU
		{B60B6040-0BD0-4D9B-8D11-D970859D2143}.Release|Any CPU.ActiveCfg = Release|Any CPU
		{B60B6040-0BD0-4D9B-8D11-D970859D2143}.Release|Any CPU.Build.0 = Release|Any CPU
		{B60B6040-0BD0-4D9B-8D11-D970859D2143}.Release|ARM.ActiveCfg = Release|Any CPU
		{B60B6040-0BD0-4D9B-8D11-D970859D2143}.Release|ARM.Build.0 = Release|Any CPU
		{B60B6040-0BD0-4D9B-8D11-D970859D2143}.Release|iPhone.ActiveCfg = Release|Any CPU
		{B60B6040-0BD0-4D9B-8D11-D970859D2143}.Release|iPhone.Build.0 = Release|Any CPU
		{B60B6040-0BD0-4D9B-8D11-D970859D2143}.Release|iPhoneSimulator.ActiveCfg = Release|Any CPU
		{B60B6040-0BD0-4D9B-8D11-D970859D2143}.Release|iPhoneSimulator.Build.0 = Release|Any CPU
		{B60B6040-0BD0-4D9B-8D11-D970859D2143}.Release|x64.ActiveCfg = Release|Any CPU
		{B60B6040-0BD0-4D9B-8D11-D970859D2143}.Release|x64.Build.0 = Release|Any CPU
		{B60B6040-0BD0-4D9B-8D11-D970859D2143}.Release|x86.ActiveCfg = Release|Any CPU
		{B60B6040-0BD0-4D9B-8D11-D970859D2143}.Release|x86.Build.0 = Release|Any CPU
		{416DCC04-9C0B-4116-98D6-1916D4D6A816}.Ad-Hoc|Any CPU.ActiveCfg = Debug|Any CPU
		{416DCC04-9C0B-4116-98D6-1916D4D6A816}.Ad-Hoc|Any CPU.Build.0 = Debug|Any CPU
		{416DCC04-9C0B-4116-98D6-1916D4D6A816}.Ad-Hoc|ARM.ActiveCfg = Debug|Any CPU
		{416DCC04-9C0B-4116-98D6-1916D4D6A816}.Ad-Hoc|ARM.Build.0 = Debug|Any CPU
		{416DCC04-9C0B-4116-98D6-1916D4D6A816}.Ad-Hoc|iPhone.ActiveCfg = Debug|Any CPU
		{416DCC04-9C0B-4116-98D6-1916D4D6A816}.Ad-Hoc|iPhone.Build.0 = Debug|Any CPU
		{416DCC04-9C0B-4116-98D6-1916D4D6A816}.Ad-Hoc|iPhoneSimulator.ActiveCfg = Debug|Any CPU
		{416DCC04-9C0B-4116-98D6-1916D4D6A816}.Ad-Hoc|iPhoneSimulator.Build.0 = Debug|Any CPU
		{416DCC04-9C0B-4116-98D6-1916D4D6A816}.Ad-Hoc|x64.ActiveCfg = Debug|Any CPU
		{416DCC04-9C0B-4116-98D6-1916D4D6A816}.Ad-Hoc|x64.Build.0 = Debug|Any CPU
		{416DCC04-9C0B-4116-98D6-1916D4D6A816}.Ad-Hoc|x86.ActiveCfg = Debug|Any CPU
		{416DCC04-9C0B-4116-98D6-1916D4D6A816}.Ad-Hoc|x86.Build.0 = Debug|Any CPU
		{416DCC04-9C0B-4116-98D6-1916D4D6A816}.AppStore|Any CPU.ActiveCfg = Debug|Any CPU
		{416DCC04-9C0B-4116-98D6-1916D4D6A816}.AppStore|Any CPU.Build.0 = Debug|Any CPU
		{416DCC04-9C0B-4116-98D6-1916D4D6A816}.AppStore|ARM.ActiveCfg = Debug|Any CPU
		{416DCC04-9C0B-4116-98D6-1916D4D6A816}.AppStore|ARM.Build.0 = Debug|Any CPU
		{416DCC04-9C0B-4116-98D6-1916D4D6A816}.AppStore|iPhone.ActiveCfg = Debug|Any CPU
		{416DCC04-9C0B-4116-98D6-1916D4D6A816}.AppStore|iPhone.Build.0 = Debug|Any CPU
		{416DCC04-9C0B-4116-98D6-1916D4D6A816}.AppStore|iPhoneSimulator.ActiveCfg = Debug|Any CPU
		{416DCC04-9C0B-4116-98D6-1916D4D6A816}.AppStore|iPhoneSimulator.Build.0 = Debug|Any CPU
		{416DCC04-9C0B-4116-98D6-1916D4D6A816}.AppStore|x64.ActiveCfg = Debug|Any CPU
		{416DCC04-9C0B-4116-98D6-1916D4D6A816}.AppStore|x64.Build.0 = Debug|Any CPU
		{416DCC04-9C0B-4116-98D6-1916D4D6A816}.AppStore|x86.ActiveCfg = Debug|Any CPU
		{416DCC04-9C0B-4116-98D6-1916D4D6A816}.AppStore|x86.Build.0 = Debug|Any CPU
		{416DCC04-9C0B-4116-98D6-1916D4D6A816}.Debug|Any CPU.ActiveCfg = Debug|Any CPU
		{416DCC04-9C0B-4116-98D6-1916D4D6A816}.Debug|Any CPU.Build.0 = Debug|Any CPU
		{416DCC04-9C0B-4116-98D6-1916D4D6A816}.Debug|ARM.ActiveCfg = Debug|Any CPU
		{416DCC04-9C0B-4116-98D6-1916D4D6A816}.Debug|ARM.Build.0 = Debug|Any CPU
		{416DCC04-9C0B-4116-98D6-1916D4D6A816}.Debug|iPhone.ActiveCfg = Debug|Any CPU
		{416DCC04-9C0B-4116-98D6-1916D4D6A816}.Debug|iPhone.Build.0 = Debug|Any CPU
		{416DCC04-9C0B-4116-98D6-1916D4D6A816}.Debug|iPhoneSimulator.ActiveCfg = Debug|Any CPU
		{416DCC04-9C0B-4116-98D6-1916D4D6A816}.Debug|iPhoneSimulator.Build.0 = Debug|Any CPU
		{416DCC04-9C0B-4116-98D6-1916D4D6A816}.Debug|x64.ActiveCfg = Debug|Any CPU
		{416DCC04-9C0B-4116-98D6-1916D4D6A816}.Debug|x64.Build.0 = Debug|Any CPU
		{416DCC04-9C0B-4116-98D6-1916D4D6A816}.Debug|x86.ActiveCfg = Debug|Any CPU
		{416DCC04-9C0B-4116-98D6-1916D4D6A816}.Debug|x86.Build.0 = Debug|Any CPU
		{416DCC04-9C0B-4116-98D6-1916D4D6A816}.Release|Any CPU.ActiveCfg = Release|Any CPU
		{416DCC04-9C0B-4116-98D6-1916D4D6A816}.Release|Any CPU.Build.0 = Release|Any CPU
		{416DCC04-9C0B-4116-98D6-1916D4D6A816}.Release|ARM.ActiveCfg = Release|Any CPU
		{416DCC04-9C0B-4116-98D6-1916D4D6A816}.Release|ARM.Build.0 = Release|Any CPU
		{416DCC04-9C0B-4116-98D6-1916D4D6A816}.Release|iPhone.ActiveCfg = Release|Any CPU
		{416DCC04-9C0B-4116-98D6-1916D4D6A816}.Release|iPhone.Build.0 = Release|Any CPU
		{416DCC04-9C0B-4116-98D6-1916D4D6A816}.Release|iPhoneSimulator.ActiveCfg = Release|Any CPU
		{416DCC04-9C0B-4116-98D6-1916D4D6A816}.Release|iPhoneSimulator.Build.0 = Release|Any CPU
		{416DCC04-9C0B-4116-98D6-1916D4D6A816}.Release|x64.ActiveCfg = Release|Any CPU
		{416DCC04-9C0B-4116-98D6-1916D4D6A816}.Release|x64.Build.0 = Release|Any CPU
		{416DCC04-9C0B-4116-98D6-1916D4D6A816}.Release|x86.ActiveCfg = Release|Any CPU
		{416DCC04-9C0B-4116-98D6-1916D4D6A816}.Release|x86.Build.0 = Release|Any CPU
		{DCC95A78-A698-43B6-88B9-1A67B1AE6005}.Ad-Hoc|Any CPU.ActiveCfg = Debug|Any CPU
		{DCC95A78-A698-43B6-88B9-1A67B1AE6005}.Ad-Hoc|Any CPU.Build.0 = Debug|Any CPU
		{DCC95A78-A698-43B6-88B9-1A67B1AE6005}.Ad-Hoc|ARM.ActiveCfg = Debug|Any CPU
		{DCC95A78-A698-43B6-88B9-1A67B1AE6005}.Ad-Hoc|ARM.Build.0 = Debug|Any CPU
		{DCC95A78-A698-43B6-88B9-1A67B1AE6005}.Ad-Hoc|iPhone.ActiveCfg = Debug|Any CPU
		{DCC95A78-A698-43B6-88B9-1A67B1AE6005}.Ad-Hoc|iPhone.Build.0 = Debug|Any CPU
		{DCC95A78-A698-43B6-88B9-1A67B1AE6005}.Ad-Hoc|iPhoneSimulator.ActiveCfg = Debug|Any CPU
		{DCC95A78-A698-43B6-88B9-1A67B1AE6005}.Ad-Hoc|iPhoneSimulator.Build.0 = Debug|Any CPU
		{DCC95A78-A698-43B6-88B9-1A67B1AE6005}.Ad-Hoc|x64.ActiveCfg = Debug|Any CPU
		{DCC95A78-A698-43B6-88B9-1A67B1AE6005}.Ad-Hoc|x64.Build.0 = Debug|Any CPU
		{DCC95A78-A698-43B6-88B9-1A67B1AE6005}.Ad-Hoc|x86.ActiveCfg = Debug|Any CPU
		{DCC95A78-A698-43B6-88B9-1A67B1AE6005}.Ad-Hoc|x86.Build.0 = Debug|Any CPU
		{DCC95A78-A698-43B6-88B9-1A67B1AE6005}.AppStore|Any CPU.ActiveCfg = Debug|Any CPU
		{DCC95A78-A698-43B6-88B9-1A67B1AE6005}.AppStore|Any CPU.Build.0 = Debug|Any CPU
		{DCC95A78-A698-43B6-88B9-1A67B1AE6005}.AppStore|ARM.ActiveCfg = Debug|Any CPU
		{DCC95A78-A698-43B6-88B9-1A67B1AE6005}.AppStore|ARM.Build.0 = Debug|Any CPU
		{DCC95A78-A698-43B6-88B9-1A67B1AE6005}.AppStore|iPhone.ActiveCfg = Debug|Any CPU
		{DCC95A78-A698-43B6-88B9-1A67B1AE6005}.AppStore|iPhone.Build.0 = Debug|Any CPU
		{DCC95A78-A698-43B6-88B9-1A67B1AE6005}.AppStore|iPhoneSimulator.ActiveCfg = Debug|Any CPU
		{DCC95A78-A698-43B6-88B9-1A67B1AE6005}.AppStore|iPhoneSimulator.Build.0 = Debug|Any CPU
		{DCC95A78-A698-43B6-88B9-1A67B1AE6005}.AppStore|x64.ActiveCfg = Debug|Any CPU
		{DCC95A78-A698-43B6-88B9-1A67B1AE6005}.AppStore|x64.Build.0 = Debug|Any CPU
		{DCC95A78-A698-43B6-88B9-1A67B1AE6005}.AppStore|x86.ActiveCfg = Debug|Any CPU
		{DCC95A78-A698-43B6-88B9-1A67B1AE6005}.AppStore|x86.Build.0 = Debug|Any CPU
		{DCC95A78-A698-43B6-88B9-1A67B1AE6005}.Debug|Any CPU.ActiveCfg = Debug|Any CPU
		{DCC95A78-A698-43B6-88B9-1A67B1AE6005}.Debug|Any CPU.Build.0 = Debug|Any CPU
		{DCC95A78-A698-43B6-88B9-1A67B1AE6005}.Debug|ARM.ActiveCfg = Debug|Any CPU
		{DCC95A78-A698-43B6-88B9-1A67B1AE6005}.Debug|ARM.Build.0 = Debug|Any CPU
		{DCC95A78-A698-43B6-88B9-1A67B1AE6005}.Debug|iPhone.ActiveCfg = Debug|Any CPU
		{DCC95A78-A698-43B6-88B9-1A67B1AE6005}.Debug|iPhone.Build.0 = Debug|Any CPU
		{DCC95A78-A698-43B6-88B9-1A67B1AE6005}.Debug|iPhoneSimulator.ActiveCfg = Debug|Any CPU
		{DCC95A78-A698-43B6-88B9-1A67B1AE6005}.Debug|iPhoneSimulator.Build.0 = Debug|Any CPU
		{DCC95A78-A698-43B6-88B9-1A67B1AE6005}.Debug|x64.ActiveCfg = Debug|Any CPU
		{DCC95A78-A698-43B6-88B9-1A67B1AE6005}.Debug|x64.Build.0 = Debug|Any CPU
		{DCC95A78-A698-43B6-88B9-1A67B1AE6005}.Debug|x86.ActiveCfg = Debug|Any CPU
		{DCC95A78-A698-43B6-88B9-1A67B1AE6005}.Debug|x86.Build.0 = Debug|Any CPU
		{DCC95A78-A698-43B6-88B9-1A67B1AE6005}.Release|Any CPU.ActiveCfg = Release|Any CPU
		{DCC95A78-A698-43B6-88B9-1A67B1AE6005}.Release|Any CPU.Build.0 = Release|Any CPU
		{DCC95A78-A698-43B6-88B9-1A67B1AE6005}.Release|ARM.ActiveCfg = Release|Any CPU
		{DCC95A78-A698-43B6-88B9-1A67B1AE6005}.Release|ARM.Build.0 = Release|Any CPU
		{DCC95A78-A698-43B6-88B9-1A67B1AE6005}.Release|iPhone.ActiveCfg = Release|Any CPU
		{DCC95A78-A698-43B6-88B9-1A67B1AE6005}.Release|iPhone.Build.0 = Release|Any CPU
		{DCC95A78-A698-43B6-88B9-1A67B1AE6005}.Release|iPhoneSimulator.ActiveCfg = Release|Any CPU
		{DCC95A78-A698-43B6-88B9-1A67B1AE6005}.Release|iPhoneSimulator.Build.0 = Release|Any CPU
		{DCC95A78-A698-43B6-88B9-1A67B1AE6005}.Release|x64.ActiveCfg = Release|Any CPU
		{DCC95A78-A698-43B6-88B9-1A67B1AE6005}.Release|x64.Build.0 = Release|Any CPU
		{DCC95A78-A698-43B6-88B9-1A67B1AE6005}.Release|x86.ActiveCfg = Release|Any CPU
		{DCC95A78-A698-43B6-88B9-1A67B1AE6005}.Release|x86.Build.0 = Release|Any CPU
		{0D223BFA-3692-4098-A2C0-2908D5CFA2A5}.Ad-Hoc|Any CPU.ActiveCfg = Debug|Any CPU
		{0D223BFA-3692-4098-A2C0-2908D5CFA2A5}.Ad-Hoc|Any CPU.Build.0 = Debug|Any CPU
		{0D223BFA-3692-4098-A2C0-2908D5CFA2A5}.Ad-Hoc|ARM.ActiveCfg = Debug|Any CPU
		{0D223BFA-3692-4098-A2C0-2908D5CFA2A5}.Ad-Hoc|ARM.Build.0 = Debug|Any CPU
		{0D223BFA-3692-4098-A2C0-2908D5CFA2A5}.Ad-Hoc|iPhone.ActiveCfg = Debug|Any CPU
		{0D223BFA-3692-4098-A2C0-2908D5CFA2A5}.Ad-Hoc|iPhone.Build.0 = Debug|Any CPU
		{0D223BFA-3692-4098-A2C0-2908D5CFA2A5}.Ad-Hoc|iPhoneSimulator.ActiveCfg = Debug|Any CPU
		{0D223BFA-3692-4098-A2C0-2908D5CFA2A5}.Ad-Hoc|iPhoneSimulator.Build.0 = Debug|Any CPU
		{0D223BFA-3692-4098-A2C0-2908D5CFA2A5}.Ad-Hoc|x64.ActiveCfg = Debug|Any CPU
		{0D223BFA-3692-4098-A2C0-2908D5CFA2A5}.Ad-Hoc|x64.Build.0 = Debug|Any CPU
		{0D223BFA-3692-4098-A2C0-2908D5CFA2A5}.Ad-Hoc|x86.ActiveCfg = Debug|Any CPU
		{0D223BFA-3692-4098-A2C0-2908D5CFA2A5}.Ad-Hoc|x86.Build.0 = Debug|Any CPU
		{0D223BFA-3692-4098-A2C0-2908D5CFA2A5}.AppStore|Any CPU.ActiveCfg = Debug|Any CPU
		{0D223BFA-3692-4098-A2C0-2908D5CFA2A5}.AppStore|Any CPU.Build.0 = Debug|Any CPU
		{0D223BFA-3692-4098-A2C0-2908D5CFA2A5}.AppStore|ARM.ActiveCfg = Debug|Any CPU
		{0D223BFA-3692-4098-A2C0-2908D5CFA2A5}.AppStore|ARM.Build.0 = Debug|Any CPU
		{0D223BFA-3692-4098-A2C0-2908D5CFA2A5}.AppStore|iPhone.ActiveCfg = Debug|Any CPU
		{0D223BFA-3692-4098-A2C0-2908D5CFA2A5}.AppStore|iPhone.Build.0 = Debug|Any CPU
		{0D223BFA-3692-4098-A2C0-2908D5CFA2A5}.AppStore|iPhoneSimulator.ActiveCfg = Debug|Any CPU
		{0D223BFA-3692-4098-A2C0-2908D5CFA2A5}.AppStore|iPhoneSimulator.Build.0 = Debug|Any CPU
		{0D223BFA-3692-4098-A2C0-2908D5CFA2A5}.AppStore|x64.ActiveCfg = Debug|Any CPU
		{0D223BFA-3692-4098-A2C0-2908D5CFA2A5}.AppStore|x64.Build.0 = Debug|Any CPU
		{0D223BFA-3692-4098-A2C0-2908D5CFA2A5}.AppStore|x86.ActiveCfg = Debug|Any CPU
		{0D223BFA-3692-4098-A2C0-2908D5CFA2A5}.AppStore|x86.Build.0 = Debug|Any CPU
		{0D223BFA-3692-4098-A2C0-2908D5CFA2A5}.Debug|Any CPU.ActiveCfg = Debug|Any CPU
		{0D223BFA-3692-4098-A2C0-2908D5CFA2A5}.Debug|Any CPU.Build.0 = Debug|Any CPU
		{0D223BFA-3692-4098-A2C0-2908D5CFA2A5}.Debug|ARM.ActiveCfg = Debug|Any CPU
		{0D223BFA-3692-4098-A2C0-2908D5CFA2A5}.Debug|ARM.Build.0 = Debug|Any CPU
		{0D223BFA-3692-4098-A2C0-2908D5CFA2A5}.Debug|iPhone.ActiveCfg = Debug|Any CPU
		{0D223BFA-3692-4098-A2C0-2908D5CFA2A5}.Debug|iPhone.Build.0 = Debug|Any CPU
		{0D223BFA-3692-4098-A2C0-2908D5CFA2A5}.Debug|iPhoneSimulator.ActiveCfg = Debug|Any CPU
		{0D223BFA-3692-4098-A2C0-2908D5CFA2A5}.Debug|iPhoneSimulator.Build.0 = Debug|Any CPU
		{0D223BFA-3692-4098-A2C0-2908D5CFA2A5}.Debug|x64.ActiveCfg = Debug|Any CPU
		{0D223BFA-3692-4098-A2C0-2908D5CFA2A5}.Debug|x64.Build.0 = Debug|Any CPU
		{0D223BFA-3692-4098-A2C0-2908D5CFA2A5}.Debug|x86.ActiveCfg = Debug|Any CPU
		{0D223BFA-3692-4098-A2C0-2908D5CFA2A5}.Debug|x86.Build.0 = Debug|Any CPU
		{0D223BFA-3692-4098-A2C0-2908D5CFA2A5}.Release|Any CPU.ActiveCfg = Release|Any CPU
		{0D223BFA-3692-4098-A2C0-2908D5CFA2A5}.Release|Any CPU.Build.0 = Release|Any CPU
		{0D223BFA-3692-4098-A2C0-2908D5CFA2A5}.Release|ARM.ActiveCfg = Release|Any CPU
		{0D223BFA-3692-4098-A2C0-2908D5CFA2A5}.Release|ARM.Build.0 = Release|Any CPU
		{0D223BFA-3692-4098-A2C0-2908D5CFA2A5}.Release|iPhone.ActiveCfg = Release|Any CPU
		{0D223BFA-3692-4098-A2C0-2908D5CFA2A5}.Release|iPhone.Build.0 = Release|Any CPU
		{0D223BFA-3692-4098-A2C0-2908D5CFA2A5}.Release|iPhoneSimulator.ActiveCfg = Release|Any CPU
		{0D223BFA-3692-4098-A2C0-2908D5CFA2A5}.Release|iPhoneSimulator.Build.0 = Release|Any CPU
		{0D223BFA-3692-4098-A2C0-2908D5CFA2A5}.Release|x64.ActiveCfg = Release|Any CPU
		{0D223BFA-3692-4098-A2C0-2908D5CFA2A5}.Release|x64.Build.0 = Release|Any CPU
		{0D223BFA-3692-4098-A2C0-2908D5CFA2A5}.Release|x86.ActiveCfg = Release|Any CPU
		{0D223BFA-3692-4098-A2C0-2908D5CFA2A5}.Release|x86.Build.0 = Release|Any CPU
		{E4C9154A-0E2D-47F7-8F47-15AE1519C83A}.Ad-Hoc|Any CPU.ActiveCfg = Debug|Any CPU
		{E4C9154A-0E2D-47F7-8F47-15AE1519C83A}.Ad-Hoc|Any CPU.Build.0 = Debug|Any CPU
		{E4C9154A-0E2D-47F7-8F47-15AE1519C83A}.Ad-Hoc|ARM.ActiveCfg = Debug|Any CPU
		{E4C9154A-0E2D-47F7-8F47-15AE1519C83A}.Ad-Hoc|ARM.Build.0 = Debug|Any CPU
		{E4C9154A-0E2D-47F7-8F47-15AE1519C83A}.Ad-Hoc|iPhone.ActiveCfg = Debug|Any CPU
		{E4C9154A-0E2D-47F7-8F47-15AE1519C83A}.Ad-Hoc|iPhone.Build.0 = Debug|Any CPU
		{E4C9154A-0E2D-47F7-8F47-15AE1519C83A}.Ad-Hoc|iPhoneSimulator.ActiveCfg = Debug|Any CPU
		{E4C9154A-0E2D-47F7-8F47-15AE1519C83A}.Ad-Hoc|iPhoneSimulator.Build.0 = Debug|Any CPU
		{E4C9154A-0E2D-47F7-8F47-15AE1519C83A}.Ad-Hoc|x64.ActiveCfg = Debug|Any CPU
		{E4C9154A-0E2D-47F7-8F47-15AE1519C83A}.Ad-Hoc|x64.Build.0 = Debug|Any CPU
		{E4C9154A-0E2D-47F7-8F47-15AE1519C83A}.Ad-Hoc|x86.ActiveCfg = Debug|Any CPU
		{E4C9154A-0E2D-47F7-8F47-15AE1519C83A}.Ad-Hoc|x86.Build.0 = Debug|Any CPU
		{E4C9154A-0E2D-47F7-8F47-15AE1519C83A}.AppStore|Any CPU.ActiveCfg = Debug|Any CPU
		{E4C9154A-0E2D-47F7-8F47-15AE1519C83A}.AppStore|Any CPU.Build.0 = Debug|Any CPU
		{E4C9154A-0E2D-47F7-8F47-15AE1519C83A}.AppStore|ARM.ActiveCfg = Debug|Any CPU
		{E4C9154A-0E2D-47F7-8F47-15AE1519C83A}.AppStore|ARM.Build.0 = Debug|Any CPU
		{E4C9154A-0E2D-47F7-8F47-15AE1519C83A}.AppStore|iPhone.ActiveCfg = Debug|Any CPU
		{E4C9154A-0E2D-47F7-8F47-15AE1519C83A}.AppStore|iPhone.Build.0 = Debug|Any CPU
		{E4C9154A-0E2D-47F7-8F47-15AE1519C83A}.AppStore|iPhoneSimulator.ActiveCfg = Debug|Any CPU
		{E4C9154A-0E2D-47F7-8F47-15AE1519C83A}.AppStore|iPhoneSimulator.Build.0 = Debug|Any CPU
		{E4C9154A-0E2D-47F7-8F47-15AE1519C83A}.AppStore|x64.ActiveCfg = Debug|Any CPU
		{E4C9154A-0E2D-47F7-8F47-15AE1519C83A}.AppStore|x64.Build.0 = Debug|Any CPU
		{E4C9154A-0E2D-47F7-8F47-15AE1519C83A}.AppStore|x86.ActiveCfg = Debug|Any CPU
		{E4C9154A-0E2D-47F7-8F47-15AE1519C83A}.AppStore|x86.Build.0 = Debug|Any CPU
		{E4C9154A-0E2D-47F7-8F47-15AE1519C83A}.Debug|Any CPU.ActiveCfg = Debug|Any CPU
		{E4C9154A-0E2D-47F7-8F47-15AE1519C83A}.Debug|Any CPU.Build.0 = Debug|Any CPU
		{E4C9154A-0E2D-47F7-8F47-15AE1519C83A}.Debug|ARM.ActiveCfg = Debug|Any CPU
		{E4C9154A-0E2D-47F7-8F47-15AE1519C83A}.Debug|ARM.Build.0 = Debug|Any CPU
		{E4C9154A-0E2D-47F7-8F47-15AE1519C83A}.Debug|iPhone.ActiveCfg = Debug|Any CPU
		{E4C9154A-0E2D-47F7-8F47-15AE1519C83A}.Debug|iPhone.Build.0 = Debug|Any CPU
		{E4C9154A-0E2D-47F7-8F47-15AE1519C83A}.Debug|iPhoneSimulator.ActiveCfg = Debug|Any CPU
		{E4C9154A-0E2D-47F7-8F47-15AE1519C83A}.Debug|iPhoneSimulator.Build.0 = Debug|Any CPU
		{E4C9154A-0E2D-47F7-8F47-15AE1519C83A}.Debug|x64.ActiveCfg = Debug|Any CPU
		{E4C9154A-0E2D-47F7-8F47-15AE1519C83A}.Debug|x64.Build.0 = Debug|Any CPU
		{E4C9154A-0E2D-47F7-8F47-15AE1519C83A}.Debug|x86.ActiveCfg = Debug|Any CPU
		{E4C9154A-0E2D-47F7-8F47-15AE1519C83A}.Debug|x86.Build.0 = Debug|Any CPU
		{E4C9154A-0E2D-47F7-8F47-15AE1519C83A}.Release|Any CPU.ActiveCfg = Release|Any CPU
		{E4C9154A-0E2D-47F7-8F47-15AE1519C83A}.Release|Any CPU.Build.0 = Release|Any CPU
		{E4C9154A-0E2D-47F7-8F47-15AE1519C83A}.Release|ARM.ActiveCfg = Release|Any CPU
		{E4C9154A-0E2D-47F7-8F47-15AE1519C83A}.Release|ARM.Build.0 = Release|Any CPU
		{E4C9154A-0E2D-47F7-8F47-15AE1519C83A}.Release|iPhone.ActiveCfg = Release|Any CPU
		{E4C9154A-0E2D-47F7-8F47-15AE1519C83A}.Release|iPhone.Build.0 = Release|Any CPU
		{E4C9154A-0E2D-47F7-8F47-15AE1519C83A}.Release|iPhoneSimulator.ActiveCfg = Release|Any CPU
		{E4C9154A-0E2D-47F7-8F47-15AE1519C83A}.Release|iPhoneSimulator.Build.0 = Release|Any CPU
		{E4C9154A-0E2D-47F7-8F47-15AE1519C83A}.Release|x64.ActiveCfg = Release|Any CPU
		{E4C9154A-0E2D-47F7-8F47-15AE1519C83A}.Release|x64.Build.0 = Release|Any CPU
		{E4C9154A-0E2D-47F7-8F47-15AE1519C83A}.Release|x86.ActiveCfg = Release|Any CPU
		{E4C9154A-0E2D-47F7-8F47-15AE1519C83A}.Release|x86.Build.0 = Release|Any CPU
	EndGlobalSection
	GlobalSection(SolutionProperties) = preSolution
		HideSolutionNode = FALSE
	EndGlobalSection
	GlobalSection(NestedProjects) = preSolution
		{4BF8A766-F123-462C-8702-859687D36C5F} = {BD020B7D-D681-4B12-B7EA-DFCD0E8A392B}
		{3D4B875D-1E76-4EFC-9EEA-B25A31136488} = {A05AEF75-0E96-4509-9518-E2E06F3D8AD7}
		{262D5493-306E-4B37-A365-6BC7F4C5F2F2} = {A05AEF75-0E96-4509-9518-E2E06F3D8AD7}
		{62291379-E90B-4386-A061-47CB9F94C40B} = {A05AEF75-0E96-4509-9518-E2E06F3D8AD7}
		{6A1D18D6-814E-4C5E-AE61-7E9205E24E9C} = {BD020B7D-D681-4B12-B7EA-DFCD0E8A392B}
		{B60B6040-0BD0-4D9B-8D11-D970859D2143} = {6A1D18D6-814E-4C5E-AE61-7E9205E24E9C}
		{416DCC04-9C0B-4116-98D6-1916D4D6A816} = {D66E055A-6A41-4361-9721-A387F8D853CD}
		{DCC95A78-A698-43B6-88B9-1A67B1AE6005} = {F46D5A1B-7F18-4FFA-A6D8-2C93036178F4}
		{0D223BFA-3692-4098-A2C0-2908D5CFA2A5} = {1631B9BC-5FBA-4C4C-9BB3-1D6B7B13D4F6}
		{E4C9154A-0E2D-47F7-8F47-15AE1519C83A} = {F46D5A1B-7F18-4FFA-A6D8-2C93036178F4}
	EndGlobalSection
	GlobalSection(ExtensibilityGlobals) = postSolution
		SolutionGuid = {6F75DA54-1FE2-4118-B510-D773F48B5100}
	EndGlobalSection
EndGlobal
